# This file is automatically @generated by Cargo.
# It is not intended for manual editing.
# It is checked in so the golden fixture is deterministic and does not leave
# generated files behind when the integration tests run.
version = 4

[[package]]
name = "golden-compile-error"
version = "0.1.0"

[[package]]
name = "golden-consumer"
version = "0.1.0"
dependencies = [
 "golden-model",
]

[[package]]
name = "golden-model"
version = "0.1.0"
