# This file is automatically @generated by Cargo.
# It is not intended for manual editing.
# It is checked in so the execution-boundary fixture is deterministic.
version = 4

[[package]]
name = "proc-macro-consumer"
version = "0.1.0"
dependencies = [
 "proc-macro-execution-sentinel",
]

[[package]]
name = "proc-macro-execution-sentinel"
version = "0.1.0"
